// !$*UTF8*$!
{
	archiveVersion = 1;
	classes = {
	};
	objectVersion = 48;
	objects = {

/* Begin PBXBuildFile section */
		A1043524EE83FEAD8F614000 /* Pods_Bernard.framework in Frameworks */ = {isa = PBXBuildFile; fileRef = 7A14405D605B20F1C68BD8BF /* Pods_Bernard.framework */; };
		E5DEA32E1F58355800DF185F /* AppDelegate.swift in Sources */ = {isa = PBXBuildFile; fileRef = E5DEA32D1F58355800DF185F /* AppDelegate.swift */; };
		E5DEA3301F58355800DF185F /* ViewController.swift in Sources */ = {isa = PBXBuildFile; fileRef = E5DEA32F1F58355800DF185F /* ViewController.swift */; };
		E5DEA3331F58355800DF185F /* Main.storyboard in Resources */ = {isa = PBXBuildFile; fileRef = E5DEA3311F58355800DF185F /* Main.storyboard */; };
		E5DEA3361F58355800DF185F /* Bernard.xcdatamodeld in Sources */ = {isa = PBXBuildFile; fileRef = E5DEA3341F58355800DF185F /* Bernard.xcdatamodeld */; };
		E5DEA3381F58355800DF185F /* Assets.xcassets in Resources */ = {isa = PBXBuildFile; fileRef = E5DEA3371F58355800DF185F /* Assets.xcassets */; };
		E5DEA33B1F58355800DF185F /* LaunchScreen.storyboard in Resources */ = {isa = PBXBuildFile; fileRef = E5DEA3391F58355800DF185F /* LaunchScreen.storyboard */; };
/* End PBXBuildFile section */

/* Begin PBXFileReference section */
		3578033E1621F295A85A0DC9 /* Pods-Bernard.release.xcconfig */ = {isa = PBXFileReference; includeInIndex = 1; lastKnownFileType = text.xcconfig; name = "Pods-Bernard.release.xcconfig"; path = "Pods/Target Support Files/Pods-Bernard/Pods-Bernard.release.xcconfig"; sourceTree = "<group>"; };
		7A14405D605B20F1C68BD8BF /* Pods_Bernard.framework */ = {isa = PBXFileReference; explicitFileType = wrapper.framework; includeInIndex = 0; path = Pods_Bernard.framework; sourceTree = BUILT_PRODUCTS_DIR; };
		C4CAE5A09CB9FFF0A2832A4D /* Pods-Bernard.debug.xcconfig */ = {isa = PBXFileReference; includeInIndex = 1; lastKnownFileType = text.xcconfig; name = "Pods-Bernard.debug.xcconfig"; path = "Pods/Target Support Files/Pods-Bernard/Pods-Bernard.debug.xcconfig"; sourceTree = "<group>"; };
		E5DEA32A1F58355800DF185F /* Bernard.app */ = {isa = PBXFileReference; explicitFileType = wrapper.application; includeInIndex = 0; path = Bernard.app; sourceTree = BUILT_PRODUCTS_DIR; };
		E5DEA32D1F58355800DF185F /* AppDelegate.swift */ = {isa = PBXFileReference; lastKnownFileType = sourcecode.swift; path = AppDelegate.swift; sourceTree = "<group>"; };
		E5DEA32F1F58355800DF185F /* ViewController.swift */ = {isa = PBXFileReference; lastKnownFileType = sourcecode.swift; path = ViewController.swift; sourceTree = "<group>"; };
		E5DEA3321F58355800DF185F /* Base */ = {isa = PBXFileReference; lastKnownFileType = file.storyboard; name = Base; path = Base.lproj/Main.storyboard; sourceTree = "<group>"; };
		E5DEA3351F58355800DF185F /* Bernard.xcdatamodel */ = {isa = PBXFileReference; lastKnownFileType = wrapper.xcdatamodel; path = Bernard.xcdatamodel; sourceTree = "<group>"; };
		E5DEA3371F58355800DF185F /* Assets.xcassets */ = {isa = PBXFileReference; lastKnownFileType = folder.assetcatalog; path = Assets.xcassets; sourceTree = "<group>"; };
		E5DEA33A1F58355800DF185F /* Base */ = {isa = PBXFileReference; lastKnownFileType = file.storyboard; name = Base; path = Base.lproj/LaunchScreen.storyboard; sourceTree = "<group>"; };
		E5DEA33C1F58355800DF185F /* Info.plist */ = {isa = PBXFileReference; lastKnownFileType = text.plist.xml; path = Info.plist; sourceTree = "<group>"; };
/* End PBXFileReference section */

/* Begin PBXFrameworksBuildPhase section */
		E5DEA3271F58355800DF185F /* Frameworks */ = {
			isa = PBXFrameworksBuildPhase;
			buildActionMask = 2147483647;
			files = (
				A1043524EE83FEAD8F614000 /* Pods_Bernard.framework in Frameworks */,
			);
			runOnlyForDeploymentPostprocessing = 0;
		};
/* End PBXFrameworksBuildPhase section */

/* Begin PBXGroup section */
		60985D6F9327F68DF529B5D8 /* Frameworks */ = {
			isa = PBXGroup;
			children = (
				7A14405D605B20F1C68BD8BF /* Pods_Bernard.framework */,
			);
			name = Frameworks;
			sourceTree = "<group>";
		};
		A63A31E9223279BC4878C609 /* Pods */ = {
			isa = PBXGroup;
			children = (
				C4CAE5A09CB9FFF0A2832A4D /* Pods-Bernard.debug.xcconfig */,
				3578033E1621F295A85A0DC9 /* Pods-Bernard.release.xcconfig */,
			);
			name = Pods;
			sourceTree = "<group>";
		};
		E5DEA3211F58355800DF185F = {
			isa = PBXGroup;
			children = (
				E5DEA32C1F58355800DF185F /* Bernard */,
				E5DEA32B1F58355800DF185F /* Products */,
				A63A31E9223279BC4878C609 /* Pods */,
				60985D6F9327F68DF529B5D8 /* Frameworks */,
			);
			sourceTree = "<group>";
		};
		E5DEA32B1F58355800DF185F /* Products */ = {
			isa = PBXGroup;
			children = (
				E5DEA32A1F58355800DF185F /* Bernard.app */,
			);
			name = Products;
			sourceTree = "<group>";
		};
		E5DEA32C1F58355800DF185F /* Bernard */ = {
			isa = PBXGroup;
			children = (
				E5DEA3421F5835C300DF185F /* Model */,
				E5DEA3431F5835D100DF185F /* View */,
				E5DEA3441F5835D800DF185F /* Controller */,
				E5DEA3311F58355800DF185F /* Main.storyboard */,
				E5DEA3371F58355800DF185F /* Assets.xcassets */,
				E5DEA3391F58355800DF185F /* LaunchScreen.storyboard */,
				E5DEA33C1F58355800DF185F /* Info.plist */,
				E5DEA3341F58355800DF185F /* Bernard.xcdatamodeld */,
			);
			path = Bernard;
			sourceTree = "<group>";
		};
		E5DEA3421F5835C300DF185F /* Model */ = {
			isa = PBXGroup;
			children = (
			);
			path = Model;
			sourceTree = "<group>";
		};
		E5DEA3431F5835D100DF185F /* View */ = {
			isa = PBXGroup;
			children = (
				E5DEA32F1F58355800DF185F /* ViewController.swift */,
			);
			path = View;
			sourceTree = "<group>";
		};
		E5DEA3441F5835D800DF185F /* Controller */ = {
			isa = PBXGroup;
			children = (
				E5DEA32D1F58355800DF185F /* AppDelegate.swift */,
			);
			path = Controller;
			sourceTree = "<group>";
		};
/* End PBXGroup section */

/* Begin PBXNativeTarget section */
		E5DEA3291F58355800DF185F /* Bernard */ = {
			isa = PBXNativeTarget;
			buildConfigurationList = E5DEA33F1F58355800DF185F /* Build configuration list for PBXNativeTarget "Bernard" */;
			buildPhases = (
				907A403BA4146619BDDF854C /* [CP] Check Pods Manifest.lock */,
				E5DEA3261F58355800DF185F /* Sources */,
				E5DEA3271F58355800DF185F /* Frameworks */,
				E5DEA3281F58355800DF185F /* Resources */,
				2E5B80EFCA02B67A39592C0A /* [CP] Embed Pods Frameworks */,
				46DC677FE0CA9DFAB65D8403 /* [CP] Copy Pods Resources */,
			);
			buildRules = (
			);
			dependencies = (
			);
			name = Bernard;
			productName = Bernard;
			productReference = E5DEA32A1F58355800DF185F /* Bernard.app */;
			productType = "com.apple.product-type.application";
		};
/* End PBXNativeTarget section */

/* Begin PBXProject section */
		E5DEA3221F58355800DF185F /* Project object */ = {
			isa = PBXProject;
			attributes = {
				LastSwiftUpdateCheck = 0900;
				LastUpgradeCheck = 0900;
				ORGANIZATIONNAME = "Zsolt Nagy";
				TargetAttributes = {
					E5DEA3291F58355800DF185F = {
						CreatedOnToolsVersion = 9.0;
						ProvisioningStyle = Automatic;
					};
				};
			};
			buildConfigurationList = E5DEA3251F58355800DF185F /* Build configuration list for PBXProject "Bernard" */;
			compatibilityVersion = "Xcode 8.0";
			developmentRegion = en;
			hasScannedForEncodings = 0;
			knownRegions = (
				en,
				Base,
			);
			mainGroup = E5DEA3211F58355800DF185F;
			productRefGroup = E5DEA32B1F58355800DF185F /* Products */;
			projectDirPath = "";
			projectRoot = "";
			targets = (
				E5DEA3291F58355800DF185F /* Bernard */,
			);
		};
/* End PBXProject section */

/* Begin PBXResourcesBuildPhase section */
		E5DEA3281F58355800DF185F /* Resources */ = {
			isa = PBXResourcesBuildPhase;
			buildActionMask = 2147483647;
			files = (
				E5DEA33B1F58355800DF185F /* LaunchScreen.storyboard in Resources */,
				E5DEA3381F58355800DF185F /* Assets.xcassets in Resources */,
				E5DEA3331F58355800DF185F /* Main.storyboard in Resources */,
			);
			runOnlyForDeploymentPostprocessing = 0;
		};
/* End PBXResourcesBuildPhase section */

/* Begin PBXShellScriptBuildPhase section */
		2E5B80EFCA02B67A39592C0A /* [CP] Embed Pods Frameworks */ = {
			isa = PBXShellScriptBuildPhase;
			buildActionMask = 2147483647;
			files = (
			);
			inputPaths = (
				"${SRCROOT}/Pods/Target Support Files/Pods-Bernard/Pods-Bernard-frameworks.sh",
				"${BUILT_PRODUCTS_DIR}/HexColors/HexColors.framework",
			);
			name = "[CP] Embed Pods Frameworks";
			outputPaths = (
				"${TARGET_BUILD_DIR}/${FRAMEWORKS_FOLDER_PATH}/HexColors.framework",
			);
			runOnlyForDeploymentPostprocessing = 0;
			shellPath = /bin/sh;
			shellScript = "\"${SRCROOT}/Pods/Target Support Files/Pods-Bernard/Pods-Bernard-frameworks.sh\"\n";
			showEnvVarsInLog = 0;
		};
		46DC677FE0CA9DFAB65D8403 /* [CP] Copy Pods Resources */ = {
			isa = PBXShellScriptBuildPhase;
			buildActionMask = 2147483647;
			files = (
			);
			inputPaths = (
			);
			name = "[CP] Copy Pods Resources";
			outputPaths = (
			);
			runOnlyForDeploymentPostprocessing = 0;
			shellPath = /bin/sh;
			shellScript = "\"${SRCROOT}/Pods/Target Support Files/Pods-Bernard/Pods-Bernard-resources.sh\"\n";
			showEnvVarsInLog = 0;
		};
		907A403BA4146619BDDF854C /* [CP] Check Pods Manifest.lock */ = {
			isa = PBXShellScriptBuildPhase;
			buildActionMask = 2147483647;
			files = (
			);
			inputPaths = (
				"${PODS_PODFILE_DIR_PATH}/Podfile.lock",
				"${PODS_ROOT}/Manifest.lock",
			);
			name = "[CP] Check Pods Manifest.lock";
			outputPaths = (
				"$(DERIVED_FILE_DIR)/Pods-Bernard-checkManifestLockResult.txt",
			);
			runOnlyForDeploymentPostprocessing = 0;
			shellPath = /bin/sh;
			shellScript = "diff \"${PODS_PODFILE_DIR_PATH}/Podfile.lock\" \"${PODS_ROOT}/Manifest.lock\" > /dev/null\nif [ $? != 0 ] ; then\n    # print error to STDERR\n    echo \"error: The sandbox is not in sync with the Podfile.lock. Run 'pod install' or update your CocoaPods installation.\" >&2\n    exit 1\nfi\n# This output is used by Xcode 'outputs' to avoid re-running this script phase.\necho \"SUCCESS\" > \"${SCRIPT_OUTPUT_FILE_0}\"\n";
			showEnvVarsInLog = 0;
		};
/* End PBXShellScriptBuildPhase section */

/* Begin PBXSourcesBuildPhase section */
		E5DEA3261F58355800DF185F /* Sources */ = {
			isa = PBXSourcesBuildPhase;
			buildActionMask = 2147483647;
			files = (
				E5DEA3361F58355800DF185F /* Bernard.xcdatamodeld in Sources */,
				E5DEA3301F58355800DF185F /* ViewController.swift in Sources */,
				E5DEA32E1F58355800DF185F /* AppDelegate.swift in Sources */,
			);
			runOnlyForDeploymentPostprocessing = 0;
		};
/* End PBXSourcesBuildPhase section */

/* Begin PBXVariantGroup section */
		E5DEA3311F58355800DF185F /* Main.storyboard */ = {
			isa = PBXVariantGroup;
			children = (
				E5DEA3321F58355800DF185F /* Base */,
			);
			name = Main.storyboard;
			sourceTree = "<group>";
		};
		E5DEA3391F58355800DF185F /* LaunchScreen.storyboard */ = {
			isa = PBXVariantGroup;
			children = (
				E5DEA33A1F58355800DF185F /* Base */,
			);
			name = LaunchScreen.storyboard;
			sourceTree = "<group>";
		};
/* End PBXVariantGroup section */

/* Begin XCBuildConfiguration section */
		E5DEA33D1F58355800DF185F /* Debug */ = {
			isa = XCBuildConfiguration;
			buildSettings = {
				ALWAYS_SEARCH_USER_PATHS = NO;
				CLANG_ANALYZER_NONNULL = YES;
				CLANG_ANALYZER_NUMBER_OBJECT_CONVERSION = YES_AGGRESSIVE;
				CLANG_CXX_LANGUAGE_STANDARD = "gnu++14";
				CLANG_CXX_LIBRARY = "libc++";
				CLANG_ENABLE_MODULES = YES;
				CLANG_ENABLE_OBJC_ARC = YES;
				CLANG_WARN_BLOCK_CAPTURE_AUTORELEASING = YES;
				CLANG_WARN_BOOL_CONVERSION = YES;
				CLANG_WARN_COMMA = YES;
				CLANG_WARN_CONSTANT_CONVERSION = YES;
				CLANG_WARN_DIRECT_OBJC_ISA_USAGE = YES_ERROR;
				CLANG_WARN_DOCUMENTATION_COMMENTS = YES;
				CLANG_WARN_EMPTY_BODY = YES;
				CLANG_WARN_ENUM_CONVERSION = YES;
				CLANG_WARN_INFINITE_RECURSION = YES;
				CLANG_WARN_INT_CONVERSION = YES;
				CLANG_WARN_NON_LITERAL_NULL_CONVERSION = YES;
				CLANG_WARN_OBJC_LITERAL_CONVERSION = YES;
				CLANG_WARN_OBJC_ROOT_CLASS = YES_ERROR;
				CLANG_WARN_RANGE_LOOP_ANALYSIS = YES;
				CLANG_WARN_STRICT_PROTOTYPES = YES;
				CLANG_WARN_SUSPICIOUS_MOVE = YES;
				CLANG_WARN_UNGUARDED_AVAILABILITY = YES_AGGRESSIVE;
				CLANG_WARN_UNREACHABLE_CODE = YES;
				CLANG_WARN__DUPLICATE_METHOD_MATCH = YES;
				CODE_SIGN_IDENTITY = "iPhone Developer";
				COPY_PHASE_STRIP = NO;
				DEBUG_INFORMATION_FORMAT = dwarf;
				ENABLE_STRICT_OBJC_MSGSEND = YES;
				ENABLE_TESTABILITY = YES;
				GCC_C_LANGUAGE_STANDARD = gnu11;
				GCC_DYNAMIC_NO_PIC = NO;
				GCC_NO_COMMON_BLOCKS = YES;
				GCC_OPTIMIZATION_LEVEL = 0;
				GCC_PREPROCESSOR_DEFINITIONS = (
					"DEBUG=1",
					"$(inherited)",
				);
				GCC_WARN_64_TO_32_BIT_CONVERSION = YES;
				GCC_WARN_ABOUT_RETURN_TYPE = YES_ERROR;
				GCC_WARN_UNDECLARED_SELECTOR = YES;
				GCC_WARN_UNINITIALIZED_AUTOS = YES_AGGRESSIVE;
				GCC_WARN_UNUSED_FUNCTION = YES;
				GCC_WARN_UNUSED_VARIABLE = YES;
				IPHONEOS_DEPLOYMENT_TARGET = 11.0;
				MTL_ENABLE_DEBUG_INFO = YES;
				ONLY_ACTIVE_ARCH = YES;
				SDKROOT = iphoneos;
				SWIFT_ACTIVE_COMPILATION_CONDITIONS = DEBUG;
				SWIFT_OPTIMIZATION_LEVEL = "-Onone";
			};
			name = Debug;
		};
		E5DEA33E1F58355800DF185F /* Release */ = {
			isa = XCBuildConfiguration;
			buildSettings = {
				ALWAYS_SEARCH_USER_PATHS = NO;
				CLANG_ANALYZER_NONNULL = YES;
				CLANG_ANALYZER_NUMBER_OBJECT_CONVERSION = YES_AGGRESSIVE;
				CLANG_CXX_LANGUAGE_STANDARD = "gnu++14";
				CLANG_CXX_LIBRARY = "libc++";
				CLANG_ENABLE_MODULES = YES;
				CLANG_ENABLE_OBJC_ARC = YES;
				CLANG_WARN_BLOCK_CAPTURE_AUTORELEASING = YES;
				CLANG_WARN_BOOL_CONVERSION = YES;
				CLANG_WARN_COMMA = YES;
				CLANG_WARN_CONSTANT_CONVERSION = YES;
				CLANG_WARN_DIRECT_OBJC_ISA_USAGE = YES_ERROR;
				CLANG_WARN_DOCUMENTATION_COMMENTS = YES;
				CLANG_WARN_EMPTY_BODY = YES;
				CLANG_WARN_ENUM_CONVERSION = YES;
				CLANG_WARN_INFINITE_RECURSION = YES;
				CLANG_WARN_INT_CONVERSION = YES;
				CLANG_WARN_NON_LITERAL_NULL_CONVERSION = YES;
				CLANG_WARN_OBJC_LITERAL_CONVERSION = YES;
				CLANG_WARN_OBJC_ROOT_CLASS = YES_ERROR;
				CLANG_WARN_RANGE_LOOP_ANALYSIS = YES;
				CLANG_WARN_STRICT_PROTOTYPES = YES;
				CLANG_WARN_SUSPICIOUS_MOVE = YES;
				CLANG_WARN_UNGUARDED_AVAILABILITY = YES_AGGRESSIVE;
				CLANG_WARN_UNREACHABLE_CODE = YES;
				CLANG_WARN__DUPLICATE_METHOD_MATCH = YES;
				CODE_SIGN_IDENTITY = "iPhone Developer";
				COPY_PHASE_STRIP = NO;
				DEBUG_INFORMATION_FORMAT = "dwarf-with-dsym";
				ENABLE_NS_ASSERTIONS = NO;
				ENABLE_STRICT_OBJC_MSGSEND = YES;
				GCC_C_LANGUAGE_STANDARD = gnu11;
				GCC_NO_COMMON_BLOCKS = YES;
				GCC_WARN_64_TO_32_BIT_CONVERSION = YES;
				GCC_WARN_ABOUT_RETURN_TYPE = YES_ERROR;
				GCC_WARN_UNDECLARED_SELECTOR = YES;
				GCC_WARN_UNINITIALIZED_AUTOS = YES_AGGRESSIVE;
				GCC_WARN_UNUSED_FUNCTION = YES;
				GCC_WARN_UNUSED_VARIABLE = YES;
				IPHONEOS_DEPLOYMENT_TARGET = 11.0;
				MTL_ENABLE_DEBUG_INFO = NO;
				SDKROOT = iphoneos;
				SWIFT_OPTIMIZATION_LEVEL = "-Owholemodule";
				VALIDATE_PRODUCT = YES;
			};
			name = Release;
		};
		E5DEA3401F58355800DF185F /* Debug */ = {
			isa = XCBuildConfiguration;
			baseConfigurationReference = C4CAE5A09CB9FFF0A2832A4D /* Pods-Bernard.debug.xcconfig */;
			buildSettings = {
				ASSETCATALOG_COMPILER_APPICON_NAME = AppIcon;
				CODE_SIGN_STYLE = Automatic;
				DEVELOPMENT_TEAM = FX6YWEUZRJ;
				INFOPLIST_FILE = Bernard/Info.plist;
				LD_RUNPATH_SEARCH_PATHS = "$(inherited) @executable_path/Frameworks";
				PRODUCT_BUNDLE_IDENTIFIER = com.allusion.Bernard;
				PRODUCT_NAME = "$(TARGET_NAME)";
				SWIFT_VERSION = 4.0;
				TARGETED_DEVICE_FAMILY = "1,2";
			};
			name = Debug;
		};
		E5DEA3411F58355800DF185F /* Release */ = {
			isa = XCBuildConfiguration;
			baseConfigurationReference = 3578033E1621F295A85A0DC9 /* Pods-Bernard.release.xcconfig */;
			buildSettings = {
				ASSETCATALOG_COMPILER_APPICON_NAME = AppIcon;
				CODE_SIGN_STYLE = Automatic;
				DEVELOPMENT_TEAM = FX6YWEUZRJ;
				INFOPLIST_FILE = Bernard/Info.plist;
				LD_RUNPATH_SEARCH_PATHS = "$(inherited) @executable_path/Frameworks";
				PRODUCT_BUNDLE_IDENTIFIER = com.allusion.Bernard;
				PRODUCT_NAME = "$(TARGET_NAME)";
				SWIFT_VERSION = 4.0;
				TARGETED_DEVICE_FAMILY = "1,2";
			};
			name = Release;
		};
/* End XCBuildConfiguration section */

/* Begin XCConfigurationList section */
		E5DEA3251F58355800DF185F /* Build configuration list for PBXProject "Bernard" */ = {
			isa = XCConfigurationList;
			buildConfigurations = (
				E5DEA33D1F58355800DF185F /* Debug */,
				E5DEA33E1F58355800DF185F /* Release */,
			);
			defaultConfigurationIsVisible = 0;
			defaultConfigurationName = Release;
		};
		E5DEA33F1F58355800DF185F /* Build configuration list for PBXNativeTarget "Bernard" */ = {
			isa = XCConfigurationList;
			buildConfigurations = (
				E5DEA3401F58355800DF185F /* Debug */,
				E5DEA3411F58355800DF185F /* Release */,
			);
			defaultConfigurationIsVisible = 0;
			defaultConfigurationName = Release;
		};
/* End XCConfigurationList section */

/* Begin XCVersionGroup section */
		E5DEA3341F58355800DF185F /* Bernard.xcdatamodeld */ = {
			isa = XCVersionGroup;
			children = (
				E5DEA3351F58355800DF185F /* Bernard.xcdatamodel */,
			);
			currentVersion = E5DEA3351F58355800DF185F /* Bernard.xcdatamodel */;
			path = Bernard.xcdatamodeld;
			sourceTree = "<group>";
			versionGroupType = wrapper.xcdatamodel;
		};
/* End XCVersionGroup section */
	};
	rootObject = E5DEA3221F58355800DF185F /* Project object */;
}
